
Microsoft Visual Studio Solution File, Format Version 12.00
# Visual Studio Version 16
VisualStudioVersion = 16.0.31321.278
MinimumVisualStudioVersion = 10.0.40219.1
Project("{FAE04EC0-301F-11D3-BF4B-00C04F79EFBC}") = "26 задание", "26 задание.csproj", "{F05A2BD7-8D3E-4957-B3BB-4AFFD0183E56}"
EndProject
Global
	GlobalSection(SolutionConfigurationPlatforms) = preSolution
		Debug|Any CPU = Debug|Any CPU
		Release|Any CPU = Release|Any CPU
	EndGlobalSection
	GlobalSection(ProjectConfigurationPlatforms) = postSolution
		{F05A2BD7-8D3E-4957-B3BB-4AFFD0183E56}.Debug|Any CPU.ActiveCfg = Debug|Any CPU
		{F05A2BD7-8D3E-4957-B3BB-4AFFD0183E56}.Debug|Any CPU.Build.0 = Debug|Any CPU
		{F05A2BD7-8D3E-4957-B3BB-4AFFD0183E56}.Release|Any CPU.ActiveCfg = Release|Any CPU
		{F05A2BD7-8D3E-4957-B3BB-4AFFD0183E56}.Release|Any CPU.Build.0 = Release|Any CPU
	EndGlobalSection
	GlobalSection(SolutionProperties) = preSolution
		HideSolutionNode = FALSE
	EndGlobalSection
	GlobalSection(ExtensibilityGlobals) = postSolution
		SolutionGuid = {F72DD6A5-3A1A-4F93-A8C4-B9AA6675EAC7}
	EndGlobalSection
EndGlobal
