
Microsoft Visual Studio Solution File, Format Version 12.00
# Visual Studio Version 16
VisualStudioVersion = 16.0.31229.75
MinimumVisualStudioVersion = 10.0.40219.1
Project("{FAE04EC0-301F-11D3-BF4B-00C04F79EFBC}") = "uravnenie1", "uravnenie1.csproj", "{0A809CC5-B0CD-4983-B7A6-BF857B40C897}"
EndProject
Global
	GlobalSection(SolutionConfigurationPlatforms) = preSolution
		Debug|Any CPU = Debug|Any CPU
		Release|Any CPU = Release|Any CPU
	EndGlobalSection
	GlobalSection(ProjectConfigurationPlatforms) = postSolution
		{0A809CC5-B0CD-4983-B7A6-BF857B40C897}.Debug|Any CPU.ActiveCfg = Debug|Any CPU
		{0A809CC5-B0CD-4983-B7A6-BF857B40C897}.Debug|Any CPU.Build.0 = Debug|Any CPU
		{0A809CC5-B0CD-4983-B7A6-BF857B40C897}.Release|Any CPU.ActiveCfg = Release|Any CPU
		{0A809CC5-B0CD-4983-B7A6-BF857B40C897}.Release|Any CPU.Build.0 = Release|Any CPU
	EndGlobalSection
	GlobalSection(SolutionProperties) = preSolution
		HideSolutionNode = FALSE
	EndGlobalSection
	GlobalSection(ExtensibilityGlobals) = postSolution
		SolutionGuid = {2BE18653-AB5C-4350-B541-C4E1056A728C}
	EndGlobalSection
EndGlobal
